
Microsoft Visual Studio Solution File, Format Version 12.00
# Visual Studio Version 17
VisualStudioVersion = 17.4.33213.308
MinimumVisualStudioVersion = 10.0.40219.1
Project("{FAE04EC0-301F-11D3-BF4B-00C04F79EFBC}") = "sqx", "sqx.csproj", "{A83536A9-F306-4C46-A567-411DBDBC6217}"
EndProject
Project("{FAE04EC0-301F-11D3-BF4B-00C04F79EFBC}") = "csvrepair", "csvrp\csvrepair\csvrepair.csproj", "{8F862CB3-B716-4C34-B446-D3EF653CA00B}"
EndProject
Project("{FAE04EC0-301F-11D3-BF4B-00C04F79EFBC}") = "tablever", "tablever\tablever.csproj", "{F34229C1-E06F-4320-AE5C-F58E77700B9B}"
EndProject
Global
	GlobalSection(SolutionConfigurationPlatforms) = preSolution
		Debug|Any CPU = Debug|Any CPU
		Debug|x64 = Debug|x64
		Release|Any CPU = Release|Any CPU
		Release|x64 = Release|x64
	EndGlobalSection
	GlobalSection(ProjectConfigurationPlatforms) = postSolution
		{A83536A9-F306-4C46-A567-411DBDBC6217}.Debug|Any CPU.ActiveCfg = Debug|Any CPU
		{A83536A9-F306-4C46-A567-411DBDBC6217}.Debug|Any CPU.Build.0 = Debug|Any CPU
		{A83536A9-F306-4C46-A567-411DBDBC6217}.Debug|x64.ActiveCfg = Debug|x64
		{A83536A9-F306-4C46-A567-411DBDBC6217}.Debug|x64.Build.0 = Debug|x64
		{A83536A9-F306-4C46-A567-411DBDBC6217}.Release|Any CPU.ActiveCfg = Release|Any CPU
		{A83536A9-F306-4C46-A567-411DBDBC6217}.Release|Any CPU.Build.0 = Release|Any CPU
		{A83536A9-F306-4C46-A567-411DBDBC6217}.Release|x64.ActiveCfg = Release|x64
		{A83536A9-F306-4C46-A567-411DBDBC6217}.Release|x64.Build.0 = Release|x64
		{8F862CB3-B716-4C34-B446-D3EF653CA00B}.Debug|Any CPU.ActiveCfg = Debug|Any CPU
		{8F862CB3-B716-4C34-B446-D3EF653CA00B}.Debug|Any CPU.Build.0 = Debug|Any CPU
		{8F862CB3-B716-4C34-B446-D3EF653CA00B}.Debug|x64.ActiveCfg = Debug|x64
		{8F862CB3-B716-4C34-B446-D3EF653CA00B}.Debug|x64.Build.0 = Debug|x64
		{8F862CB3-B716-4C34-B446-D3EF653CA00B}.Release|Any CPU.ActiveCfg = Release|Any CPU
		{8F862CB3-B716-4C34-B446-D3EF653CA00B}.Release|Any CPU.Build.0 = Release|Any CPU
		{8F862CB3-B716-4C34-B446-D3EF653CA00B}.Release|x64.ActiveCfg = Release|x64
		{8F862CB3-B716-4C34-B446-D3EF653CA00B}.Release|x64.Build.0 = Release|x64
		{F34229C1-E06F-4320-AE5C-F58E77700B9B}.Debug|Any CPU.ActiveCfg = Debug|Any CPU
		{F34229C1-E06F-4320-AE5C-F58E77700B9B}.Debug|Any CPU.Build.0 = Debug|Any CPU
		{F34229C1-E06F-4320-AE5C-F58E77700B9B}.Debug|x64.ActiveCfg = Debug|Any CPU
		{F34229C1-E06F-4320-AE5C-F58E77700B9B}.Debug|x64.Build.0 = Debug|Any CPU
		{F34229C1-E06F-4320-AE5C-F58E77700B9B}.Release|Any CPU.ActiveCfg = Release|Any CPU
		{F34229C1-E06F-4320-AE5C-F58E77700B9B}.Release|Any CPU.Build.0 = Release|Any CPU
		{F34229C1-E06F-4320-AE5C-F58E77700B9B}.Release|x64.ActiveCfg = Release|Any CPU
		{F34229C1-E06F-4320-AE5C-F58E77700B9B}.Release|x64.Build.0 = Release|Any CPU
	EndGlobalSection
	GlobalSection(SolutionProperties) = preSolution
		HideSolutionNode = FALSE
	EndGlobalSection
	GlobalSection(ExtensibilityGlobals) = postSolution
		SolutionGuid = {3F3E741D-BCBF-4F6E-9533-F5E7E3C28E91}
	EndGlobalSection
EndGlobal
